
Microsoft Visual Studio Solution File, Format Version 12.00
# Visual Studio Version 17
VisualStudioVersion = 17.4.33110.190
MinimumVisualStudioVersion = 10.0.40219.1
Project("{8BC9CEB8-8B4A-11D0-8D11-00A0C91BC942}") = "helloSocket", "helloSocket.vcxproj", "{5FB6BF6F-7255-44A3-A515-2FB69529E643}"
EndProject
Project("{8BC9CEB8-8B4A-11D0-8D11-00A0C91BC942}") = "EasyTcpServer", "..\EasyTcpServer\EasyTcpServer.vcxproj", "{D8AEA790-B336-4DED-9018-5093BA09A4E3}"
EndProject
Project("{8BC9CEB8-8B4A-11D0-8D11-00A0C91BC942}") = "EastyTcpclient", "..\EastyTcpclient\EastyTcpclient.vcxproj", "{B834EF71-D596-43D3-95F7-BB859C3D8449}"
EndProject
Project("{8BC9CEB8-8B4A-11D0-8D11-00A0C91BC942}") = "midTcpServer", "..\midTcpServer\midTcpServer.vcxproj", "{1DA83E96-AC13-4265-ACB2-833AC7173D59}"
EndProject
Project("{8BC9CEB8-8B4A-11D0-8D11-00A0C91BC942}") = "midTcpclient", "..\midTcpclient\midTcpclient.vcxproj", "{832565D1-2097-4743-95B2-9D0F7F86A056}"
EndProject
Global
	GlobalSection(SolutionConfigurationPlatforms) = preSolution
		Debug|x64 = Debug|x64
		Debug|x86 = Debug|x86
		Release|x64 = Release|x64
		Release|x86 = Release|x86
	EndGlobalSection
	GlobalSection(ProjectConfigurationPlatforms) = postSolution
		{5FB6BF6F-7255-44A3-A515-2FB69529E643}.Debug|x64.ActiveCfg = Debug|x64
		{5FB6BF6F-7255-44A3-A515-2FB69529E643}.Debug|x64.Build.0 = Debug|x64
		{5FB6BF6F-7255-44A3-A515-2FB69529E643}.Debug|x86.ActiveCfg = Debug|Win32
		{5FB6BF6F-7255-44A3-A515-2FB69529E643}.Debug|x86.Build.0 = Debug|Win32
		{5FB6BF6F-7255-44A3-A515-2FB69529E643}.Release|x64.ActiveCfg = Release|x64
		{5FB6BF6F-7255-44A3-A515-2FB69529E643}.Release|x64.Build.0 = Release|x64
		{5FB6BF6F-7255-44A3-A515-2FB69529E643}.Release|x86.ActiveCfg = Release|Win32
		{5FB6BF6F-7255-44A3-A515-2FB69529E643}.Release|x86.Build.0 = Release|Win32
		{D8AEA790-B336-4DED-9018-5093BA09A4E3}.Debug|x64.ActiveCfg = Debug|x64
		{D8AEA790-B336-4DED-9018-5093BA09A4E3}.Debug|x64.Build.0 = Debug|x64
		{D8AEA790-B336-4DED-9018-5093BA09A4E3}.Debug|x86.ActiveCfg = Debug|Win32
		{D8AEA790-B336-4DED-9018-5093BA09A4E3}.Debug|x86.Build.0 = Debug|Win32
		{D8AEA790-B336-4DED-9018-5093BA09A4E3}.Release|x64.ActiveCfg = Release|x64
		{D8AEA790-B336-4DED-9018-5093BA09A4E3}.Release|x64.Build.0 = Release|x64
		{D8AEA790-B336-4DED-9018-5093BA09A4E3}.Release|x86.ActiveCfg = Release|Win32
		{D8AEA790-B336-4DED-9018-5093BA09A4E3}.Release|x86.Build.0 = Release|Win32
		{B834EF71-D596-43D3-95F7-BB859C3D8449}.Debug|x64.ActiveCfg = Debug|x64
		{B834EF71-D596-43D3-95F7-BB859C3D8449}.Debug|x64.Build.0 = Debug|x64
		{B834EF71-D596-43D3-95F7-BB859C3D8449}.Debug|x86.ActiveCfg = Debug|Win32
		{B834EF71-D596-43D3-95F7-BB859C3D8449}.Debug|x86.Build.0 = Debug|Win32
		{B834EF71-D596-43D3-95F7-BB859C3D8449}.Release|x64.ActiveCfg = Release|x64
		{B834EF71-D596-43D3-95F7-BB859C3D8449}.Release|x64.Build.0 = Release|x64
		{B834EF71-D596-43D3-95F7-BB859C3D8449}.Release|x86.ActiveCfg = Release|Win32
		{B834EF71-D596-43D3-95F7-BB859C3D8449}.Release|x86.Build.0 = Release|Win32
		{1DA83E96-AC13-4265-ACB2-833AC7173D59}.Debug|x64.ActiveCfg = Debug|x64
		{1DA83E96-AC13-4265-ACB2-833AC7173D59}.Debug|x64.Build.0 = Debug|x64
		{1DA83E96-AC13-4265-ACB2-833AC7173D59}.Debug|x86.ActiveCfg = Debug|Win32
		{1DA83E96-AC13-4265-ACB2-833AC7173D59}.Debug|x86.Build.0 = Debug|Win32
		{1DA83E96-AC13-4265-ACB2-833AC7173D59}.Release|x64.ActiveCfg = Release|x64
		{1DA83E96-AC13-4265-ACB2-833AC7173D59}.Release|x64.Build.0 = Release|x64
		{1DA83E96-AC13-4265-ACB2-833AC7173D59}.Release|x86.ActiveCfg = Release|Win32
		{1DA83E96-AC13-4265-ACB2-833AC7173D59}.Release|x86.Build.0 = Release|Win32
		{832565D1-2097-4743-95B2-9D0F7F86A056}.Debug|x64.ActiveCfg = Debug|x64
		{832565D1-2097-4743-95B2-9D0F7F86A056}.Debug|x64.Build.0 = Debug|x64
		{832565D1-2097-4743-95B2-9D0F7F86A056}.Debug|x86.ActiveCfg = Debug|Win32
		{832565D1-2097-4743-95B2-9D0F7F86A056}.Debug|x86.Build.0 = Debug|Win32
		{832565D1-2097-4743-95B2-9D0F7F86A056}.Release|x64.ActiveCfg = Release|x64
		{832565D1-2097-4743-95B2-9D0F7F86A056}.Release|x64.Build.0 = Release|x64
		{832565D1-2097-4743-95B2-9D0F7F86A056}.Release|x86.ActiveCfg = Release|Win32
		{832565D1-2097-4743-95B2-9D0F7F86A056}.Release|x86.Build.0 = Release|Win32
	EndGlobalSection
	GlobalSection(SolutionProperties) = preSolution
		HideSolutionNode = FALSE
	EndGlobalSection
	GlobalSection(ExtensibilityGlobals) = postSolution
		SolutionGuid = {61495954-4337-4D19-9A7C-3CF5971B8665}
	EndGlobalSection
EndGlobal
