
Microsoft Visual Studio Solution File, Format Version 12.00
# Visual Studio Version 17
VisualStudioVersion = 17.4.33110.190
MinimumVisualStudioVersion = 10.0.40219.1
Project("{8BC9CEB8-8B4A-11D0-8D11-00A0C91BC942}") = "helloSocket", "helloSocket.vcxproj", "{5FB6BF6F-7255-44A3-A515-2FB69529E643}"
EndProject
Project("{8BC9CEB8-8B4A-11D0-8D11-00A0C91BC942}") = "Client1.0", "..\Client1.0\Client1.0.vcxproj", "{B834EF71-D596-43D3-95F7-BB859C3D8449}"
EndProject
Project("{8BC9CEB8-8B4A-11D0-8D11-00A0C91BC942}") = "Server1.0", "..\Server1.0\Server1.0.vcxproj", "{D8AEA790-B336-4DED-9018-5093BA09A4E3}"
EndProject
Project("{8BC9CEB8-8B4A-11D0-8D11-00A0C91BC942}") = "Client1.1", "..\Client1.1\Client1.1.vcxproj", "{832565D1-2097-4743-95B2-9D0F7F86A056}"
EndProject
Project("{8BC9CEB8-8B4A-11D0-8D11-00A0C91BC942}") = "Client1.2_1", "..\Client1.2_1\Client1.2_1.vcxproj", "{A266AC74-EB9D-42CC-AF71-9D7D67A1E62C}"
EndProject
Project("{8BC9CEB8-8B4A-11D0-8D11-00A0C91BC942}") = "Client1.2_2", "..\Client1.2_2\Client1.2_2.vcxproj", "{694CA0D1-FDD1-48F1-87AB-83B18DFE9B4A}"
EndProject
Project("{8BC9CEB8-8B4A-11D0-8D11-00A0C91BC942}") = "Server1.1", "..\Server1.1\Server1.1.vcxproj", "{1DA83E96-AC13-4265-ACB2-833AC7173D59}"
EndProject
Project("{8BC9CEB8-8B4A-11D0-8D11-00A0C91BC942}") = "Server1.2_1", "..\Server1.2_1\Server1.2_1.vcxproj", "{327ADC1E-2823-4D5B-81BE-E6121964C13B}"
EndProject
Project("{8BC9CEB8-8B4A-11D0-8D11-00A0C91BC942}") = "Server1.2_2", "..\Server1.2_2\Server1.2_2.vcxproj", "{468165A6-E764-4B2D-8723-266D6A58FCA6}"
EndProject
Project("{8BC9CEB8-8B4A-11D0-8D11-00A0C91BC942}") = "Server1.2_3", "..\Server1.2_3\Server1.2_3.vcxproj", "{B6A7640B-B6C2-4C1C-8697-04598AC02A6A}"
EndProject
Project("{8BC9CEB8-8B4A-11D0-8D11-00A0C91BC942}") = "Client1.2_3", "..\Client1.2_3\Client1.2_3.vcxproj", "{3EDC6A02-74FF-4F52-885A-C89A9954113E}"
EndProject
Global
	GlobalSection(SolutionConfigurationPlatforms) = preSolution
		Debug|x64 = Debug|x64
		Debug|x86 = Debug|x86
		Release|x64 = Release|x64
		Release|x86 = Release|x86
	EndGlobalSection
	GlobalSection(ProjectConfigurationPlatforms) = postSolution
		{5FB6BF6F-7255-44A3-A515-2FB69529E643}.Debug|x64.ActiveCfg = Debug|x64
		{5FB6BF6F-7255-44A3-A515-2FB69529E643}.Debug|x64.Build.0 = Debug|x64
		{5FB6BF6F-7255-44A3-A515-2FB69529E643}.Debug|x86.ActiveCfg = Debug|Win32
		{5FB6BF6F-7255-44A3-A515-2FB69529E643}.Debug|x86.Build.0 = Debug|Win32
		{5FB6BF6F-7255-44A3-A515-2FB69529E643}.Release|x64.ActiveCfg = Release|x64
		{5FB6BF6F-7255-44A3-A515-2FB69529E643}.Release|x64.Build.0 = Release|x64
		{5FB6BF6F-7255-44A3-A515-2FB69529E643}.Release|x86.ActiveCfg = Release|Win32
		{5FB6BF6F-7255-44A3-A515-2FB69529E643}.Release|x86.Build.0 = Release|Win32
		{B834EF71-D596-43D3-95F7-BB859C3D8449}.Debug|x64.ActiveCfg = Debug|x64
		{B834EF71-D596-43D3-95F7-BB859C3D8449}.Debug|x64.Build.0 = Debug|x64
		{B834EF71-D596-43D3-95F7-BB859C3D8449}.Debug|x86.ActiveCfg = Debug|Win32
		{B834EF71-D596-43D3-95F7-BB859C3D8449}.Debug|x86.Build.0 = Debug|Win32
		{B834EF71-D596-43D3-95F7-BB859C3D8449}.Release|x64.ActiveCfg = Release|x64
		{B834EF71-D596-43D3-95F7-BB859C3D8449}.Release|x64.Build.0 = Release|x64
		{B834EF71-D596-43D3-95F7-BB859C3D8449}.Release|x86.ActiveCfg = Release|Win32
		{B834EF71-D596-43D3-95F7-BB859C3D8449}.Release|x86.Build.0 = Release|Win32
		{D8AEA790-B336-4DED-9018-5093BA09A4E3}.Debug|x64.ActiveCfg = Debug|x64
		{D8AEA790-B336-4DED-9018-5093BA09A4E3}.Debug|x64.Build.0 = Debug|x64
		{D8AEA790-B336-4DED-9018-5093BA09A4E3}.Debug|x86.ActiveCfg = Debug|Win32
		{D8AEA790-B336-4DED-9018-5093BA09A4E3}.Debug|x86.Build.0 = Debug|Win32
		{D8AEA790-B336-4DED-9018-5093BA09A4E3}.Release|x64.ActiveCfg = Release|x64
		{D8AEA790-B336-4DED-9018-5093BA09A4E3}.Release|x64.Build.0 = Release|x64
		{D8AEA790-B336-4DED-9018-5093BA09A4E3}.Release|x86.ActiveCfg = Release|Win32
		{D8AEA790-B336-4DED-9018-5093BA09A4E3}.Release|x86.Build.0 = Release|Win32
		{832565D1-2097-4743-95B2-9D0F7F86A056}.Debug|x64.ActiveCfg = Debug|x64
		{832565D1-2097-4743-95B2-9D0F7F86A056}.Debug|x64.Build.0 = Debug|x64
		{832565D1-2097-4743-95B2-9D0F7F86A056}.Debug|x86.ActiveCfg = Debug|Win32
		{832565D1-2097-4743-95B2-9D0F7F86A056}.Debug|x86.Build.0 = Debug|Win32
		{832565D1-2097-4743-95B2-9D0F7F86A056}.Release|x64.ActiveCfg = Release|x64
		{832565D1-2097-4743-95B2-9D0F7F86A056}.Release|x64.Build.0 = Release|x64
		{832565D1-2097-4743-95B2-9D0F7F86A056}.Release|x86.ActiveCfg = Release|Win32
		{832565D1-2097-4743-95B2-9D0F7F86A056}.Release|x86.Build.0 = Release|Win32
		{A266AC74-EB9D-42CC-AF71-9D7D67A1E62C}.Debug|x64.ActiveCfg = Debug|x64
		{A266AC74-EB9D-42CC-AF71-9D7D67A1E62C}.Debug|x64.Build.0 = Debug|x64
		{A266AC74-EB9D-42CC-AF71-9D7D67A1E62C}.Debug|x86.ActiveCfg = Debug|Win32
		{A266AC74-EB9D-42CC-AF71-9D7D67A1E62C}.Debug|x86.Build.0 = Debug|Win32
		{A266AC74-EB9D-42CC-AF71-9D7D67A1E62C}.Release|x64.ActiveCfg = Release|x64
		{A266AC74-EB9D-42CC-AF71-9D7D67A1E62C}.Release|x64.Build.0 = Release|x64
		{A266AC74-EB9D-42CC-AF71-9D7D67A1E62C}.Release|x86.ActiveCfg = Release|Win32
		{A266AC74-EB9D-42CC-AF71-9D7D67A1E62C}.Release|x86.Build.0 = Release|Win32
		{694CA0D1-FDD1-48F1-87AB-83B18DFE9B4A}.Debug|x64.ActiveCfg = Debug|x64
		{694CA0D1-FDD1-48F1-87AB-83B18DFE9B4A}.Debug|x64.Build.0 = Debug|x64
		{694CA0D1-FDD1-48F1-87AB-83B18DFE9B4A}.Debug|x86.ActiveCfg = Debug|Win32
		{694CA0D1-FDD1-48F1-87AB-83B18DFE9B4A}.Debug|x86.Build.0 = Debug|Win32
		{694CA0D1-FDD1-48F1-87AB-83B18DFE9B4A}.Release|x64.ActiveCfg = Release|x64
		{694CA0D1-FDD1-48F1-87AB-83B18DFE9B4A}.Release|x64.Build.0 = Release|x64
		{694CA0D1-FDD1-48F1-87AB-83B18DFE9B4A}.Release|x86.ActiveCfg = Release|Win32
		{694CA0D1-FDD1-48F1-87AB-83B18DFE9B4A}.Release|x86.Build.0 = Release|Win32
		{1DA83E96-AC13-4265-ACB2-833AC7173D59}.Debug|x64.ActiveCfg = Debug|x64
		{1DA83E96-AC13-4265-ACB2-833AC7173D59}.Debug|x64.Build.0 = Debug|x64
		{1DA83E96-AC13-4265-ACB2-833AC7173D59}.Debug|x86.ActiveCfg = Debug|Win32
		{1DA83E96-AC13-4265-ACB2-833AC7173D59}.Debug|x86.Build.0 = Debug|Win32
		{1DA83E96-AC13-4265-ACB2-833AC7173D59}.Release|x64.ActiveCfg = Release|x64
		{1DA83E96-AC13-4265-ACB2-833AC7173D59}.Release|x64.Build.0 = Release|x64
		{1DA83E96-AC13-4265-ACB2-833AC7173D59}.Release|x86.ActiveCfg = Release|Win32
		{1DA83E96-AC13-4265-ACB2-833AC7173D59}.Release|x86.Build.0 = Release|Win32
		{327ADC1E-2823-4D5B-81BE-E6121964C13B}.Debug|x64.ActiveCfg = Debug|x64
		{327ADC1E-2823-4D5B-81BE-E6121964C13B}.Debug|x64.Build.0 = Debug|x64
		{327ADC1E-2823-4D5B-81BE-E6121964C13B}.Debug|x86.ActiveCfg = Debug|Win32
		{327ADC1E-2823-4D5B-81BE-E6121964C13B}.Debug|x86.Build.0 = Debug|Win32
		{327ADC1E-2823-4D5B-81BE-E6121964C13B}.Release|x64.ActiveCfg = Release|x64
		{327ADC1E-2823-4D5B-81BE-E6121964C13B}.Release|x64.Build.0 = Release|x64
		{327ADC1E-2823-4D5B-81BE-E6121964C13B}.Release|x86.ActiveCfg = Release|Win32
		{327ADC1E-2823-4D5B-81BE-E6121964C13B}.Release|x86.Build.0 = Release|Win32
		{468165A6-E764-4B2D-8723-266D6A58FCA6}.Debug|x64.ActiveCfg = Debug|x64
		{468165A6-E764-4B2D-8723-266D6A58FCA6}.Debug|x64.Build.0 = Debug|x64
		{468165A6-E764-4B2D-8723-266D6A58FCA6}.Debug|x86.ActiveCfg = Debug|Win32
		{468165A6-E764-4B2D-8723-266D6A58FCA6}.Debug|x86.Build.0 = Debug|Win32
		{468165A6-E764-4B2D-8723-266D6A58FCA6}.Release|x64.ActiveCfg = Release|x64
		{468165A6-E764-4B2D-8723-266D6A58FCA6}.Release|x64.Build.0 = Release|x64
		{468165A6-E764-4B2D-8723-266D6A58FCA6}.Release|x86.ActiveCfg = Release|Win32
		{468165A6-E764-4B2D-8723-266D6A58FCA6}.Release|x86.Build.0 = Release|Win32
		{B6A7640B-B6C2-4C1C-8697-04598AC02A6A}.Debug|x64.ActiveCfg = Debug|x64
		{B6A7640B-B6C2-4C1C-8697-04598AC02A6A}.Debug|x64.Build.0 = Debug|x64
		{B6A7640B-B6C2-4C1C-8697-04598AC02A6A}.Debug|x86.ActiveCfg = Debug|Win32
		{B6A7640B-B6C2-4C1C-8697-04598AC02A6A}.Debug|x86.Build.0 = Debug|Win32
		{B6A7640B-B6C2-4C1C-8697-04598AC02A6A}.Release|x64.ActiveCfg = Release|x64
		{B6A7640B-B6C2-4C1C-8697-04598AC02A6A}.Release|x64.Build.0 = Release|x64
		{B6A7640B-B6C2-4C1C-8697-04598AC02A6A}.Release|x86.ActiveCfg = Release|Win32
		{B6A7640B-B6C2-4C1C-8697-04598AC02A6A}.Release|x86.Build.0 = Release|Win32
		{3EDC6A02-74FF-4F52-885A-C89A9954113E}.Debug|x64.ActiveCfg = Debug|x64
		{3EDC6A02-74FF-4F52-885A-C89A9954113E}.Debug|x64.Build.0 = Debug|x64
		{3EDC6A02-74FF-4F52-885A-C89A9954113E}.Debug|x86.ActiveCfg = Debug|Win32
		{3EDC6A02-74FF-4F52-885A-C89A9954113E}.Debug|x86.Build.0 = Debug|Win32
		{3EDC6A02-74FF-4F52-885A-C89A9954113E}.Release|x64.ActiveCfg = Release|x64
		{3EDC6A02-74FF-4F52-885A-C89A9954113E}.Release|x64.Build.0 = Release|x64
		{3EDC6A02-74FF-4F52-885A-C89A9954113E}.Release|x86.ActiveCfg = Release|Win32
		{3EDC6A02-74FF-4F52-885A-C89A9954113E}.Release|x86.Build.0 = Release|Win32
	EndGlobalSection
	GlobalSection(SolutionProperties) = preSolution
		HideSolutionNode = FALSE
	EndGlobalSection
	GlobalSection(ExtensibilityGlobals) = postSolution
		SolutionGuid = {61495954-4337-4D19-9A7C-3CF5971B8665}
	EndGlobalSection
EndGlobal
